
Microsoft Visual Studio Solution File, Format Version 12.00
# Visual Studio 14
VisualStudioVersion = 14.0.24720.0
MinimumVisualStudioVersion = 10.0.40219.1
Project("{FAE04EC0-301F-11D3-BF4B-00C04F79EFBC}") = "RushHourXamarin.Droid", "RushHourXamarin.Droid\RushHourXamarin.Droid.csproj", "{17B813B0-EEA6-4032-89E6-16E1D007E325}"
EndProject
Project("{FAE04EC0-301F-11D3-BF4B-00C04F79EFBC}") = "RushHourXamarin.Portable", "RushHourXamarin.Portable\RushHourXamarin.Portable.csproj", "{68A72169-826C-492B-8942-3F68276ABD00}"
EndProject
Project("{FAE04EC0-301F-11D3-BF4B-00C04F79EFBC}") = "RushHourXamarin.iOS", "RushHourXamarin.iOS\RushHourXamarin.iOS.csproj", "{86FA897F-755A-41E2-9EFD-472368A88402}"
EndProject
Global
	GlobalSection(SolutionConfigurationPlatforms) = preSolution
		Ad-Hoc|Any CPU = Ad-Hoc|Any CPU
		Ad-Hoc|iPhone = Ad-Hoc|iPhone
		Ad-Hoc|iPhoneSimulator = Ad-Hoc|iPhoneSimulator
		AppStore|Any CPU = AppStore|Any CPU
		AppStore|iPhone = AppStore|iPhone
		AppStore|iPhoneSimulator = AppStore|iPhoneSimulator
		Debug|Any CPU = Debug|Any CPU
		Debug|iPhone = Debug|iPhone
		Debug|iPhoneSimulator = Debug|iPhoneSimulator
		Release|Any CPU = Release|Any CPU
		Release|iPhone = Release|iPhone
		Release|iPhoneSimulator = Release|iPhoneSimulator
	EndGlobalSection
	GlobalSection(ProjectConfigurationPlatforms) = postSolution
		{17B813B0-EEA6-4032-89E6-16E1D007E325}.Ad-Hoc|Any CPU.ActiveCfg = Release|Any CPU
		{17B813B0-EEA6-4032-89E6-16E1D007E325}.Ad-Hoc|Any CPU.Build.0 = Release|Any CPU
		{17B813B0-EEA6-4032-89E6-16E1D007E325}.Ad-Hoc|Any CPU.Deploy.0 = Release|Any CPU
		{17B813B0-EEA6-4032-89E6-16E1D007E325}.Ad-Hoc|iPhone.ActiveCfg = Release|Any CPU
		{17B813B0-EEA6-4032-89E6-16E1D007E325}.Ad-Hoc|iPhone.Build.0 = Release|Any CPU
		{17B813B0-EEA6-4032-89E6-16E1D007E325}.Ad-Hoc|iPhone.Deploy.0 = Release|Any CPU
		{17B813B0-EEA6-4032-89E6-16E1D007E325}.Ad-Hoc|iPhoneSimulator.ActiveCfg = Release|Any CPU
		{17B813B0-EEA6-4032-89E6-16E1D007E325}.Ad-Hoc|iPhoneSimulator.Build.0 = Release|Any CPU
		{17B813B0-EEA6-4032-89E6-16E1D007E325}.Ad-Hoc|iPhoneSimulator.Deploy.0 = Release|Any CPU
		{17B813B0-EEA6-4032-89E6-16E1D007E325}.AppStore|Any CPU.ActiveCfg = Release|Any CPU
		{17B813B0-EEA6-4032-89E6-16E1D007E325}.AppStore|Any CPU.Build.0 = Release|Any CPU
		{17B813B0-EEA6-4032-89E6-16E1D007E325}.AppStore|Any CPU.Deploy.0 = Release|Any CPU
		{17B813B0-EEA6-4032-89E6-16E1D007E325}.AppStore|iPhone.ActiveCfg = Release|Any CPU
		{17B813B0-EEA6-4032-89E6-16E1D007E325}.AppStore|iPhone.Build.0 = Release|Any CPU
		{17B813B0-EEA6-4032-89E6-16E1D007E325}.AppStore|iPhone.Deploy.0 = Release|Any CPU
		{17B813B0-EEA6-4032-89E6-16E1D007E325}.AppStore|iPhoneSimulator.ActiveCfg = Release|Any CPU
		{17B813B0-EEA6-4032-89E6-16E1D007E325}.AppStore|iPhoneSimulator.Build.0 = Release|Any CPU
		{17B813B0-EEA6-4032-89E6-16E1D007E325}.AppStore|iPhoneSimulator.Deploy.0 = Release|Any CPU
		{17B813B0-EEA6-4032-89E6-16E1D007E325}.Debug|Any CPU.ActiveCfg = Debug|Any CPU
		{17B813B0-EEA6-4032-89E6-16E1D007E325}.Debug|Any CPU.Build.0 = Debug|Any CPU
		{17B813B0-EEA6-4032-89E6-16E1D007E325}.Debug|Any CPU.Deploy.0 = Debug|Any CPU
		{17B813B0-EEA6-4032-89E6-16E1D007E325}.Debug|iPhone.ActiveCfg = Debug|Any CPU
		{17B813B0-EEA6-4032-89E6-16E1D007E325}.Debug|iPhone.Build.0 = Debug|Any CPU
		{17B813B0-EEA6-4032-89E6-16E1D007E325}.Debug|iPhone.Deploy.0 = Debug|Any CPU
		{17B813B0-EEA6-4032-89E6-16E1D007E325}.Debug|iPhoneSimulator.ActiveCfg = Debug|Any CPU
		{17B813B0-EEA6-4032-89E6-16E1D007E325}.Debug|iPhoneSimulator.Build.0 = Debug|Any CPU
		{17B813B0-EEA6-4032-89E6-16E1D007E325}.Debug|iPhoneSimulator.Deploy.0 = Debug|Any CPU
		{17B813B0-EEA6-4032-89E6-16E1D007E325}.Release|Any CPU.ActiveCfg = Release|Any CPU
		{17B813B0-EEA6-4032-89E6-16E1D007E325}.Release|Any CPU.Build.0 = Release|Any CPU
		{17B813B0-EEA6-4032-89E6-16E1D007E325}.Release|Any CPU.Deploy.0 = Release|Any CPU
		{17B813B0-EEA6-4032-89E6-16E1D007E325}.Release|iPhone.ActiveCfg = Release|Any CPU
		{17B813B0-EEA6-4032-89E6-16E1D007E325}.Release|iPhone.Build.0 = Release|Any CPU
		{17B813B0-EEA6-4032-89E6-16E1D007E325}.Release|iPhone.Deploy.0 = Release|Any CPU
		{17B813B0-EEA6-4032-89E6-16E1D007E325}.Release|iPhoneSimulator.ActiveCfg = Release|Any CPU
		{17B813B0-EEA6-4032-89E6-16E1D007E325}.Release|iPhoneSimulator.Build.0 = Release|Any CPU
		{17B813B0-EEA6-4032-89E6-16E1D007E325}.Release|iPhoneSimulator.Deploy.0 = Release|Any CPU
		{68A72169-826C-492B-8942-3F68276ABD00}.Ad-Hoc|Any CPU.ActiveCfg = Release|Any CPU
		{68A72169-826C-492B-8942-3F68276ABD00}.Ad-Hoc|Any CPU.Build.0 = Release|Any CPU
		{68A72169-826C-492B-8942-3F68276ABD00}.Ad-Hoc|iPhone.ActiveCfg = Release|Any CPU
		{68A72169-826C-492B-8942-3F68276ABD00}.Ad-Hoc|iPhone.Build.0 = Release|Any CPU
		{68A72169-826C-492B-8942-3F68276ABD00}.Ad-Hoc|iPhoneSimulator.ActiveCfg = Release|Any CPU
		{68A72169-826C-492B-8942-3F68276ABD00}.Ad-Hoc|iPhoneSimulator.Build.0 = Release|Any CPU
		{68A72169-826C-492B-8942-3F68276ABD00}.AppStore|Any CPU.ActiveCfg = Release|Any CPU
		{68A72169-826C-492B-8942-3F68276ABD00}.AppStore|Any CPU.Build.0 = Release|Any CPU
		{68A72169-826C-492B-8942-3F68276ABD00}.AppStore|iPhone.ActiveCfg = Release|Any CPU
		{68A72169-826C-492B-8942-3F68276ABD00}.AppStore|iPhone.Build.0 = Release|Any CPU
		{68A72169-826C-492B-8942-3F68276ABD00}.AppStore|iPhoneSimulator.ActiveCfg = Release|Any CPU
		{68A72169-826C-492B-8942-3F68276ABD00}.AppStore|iPhoneSimulator.Build.0 = Release|Any CPU
		{68A72169-826C-492B-8942-3F68276ABD00}.Debug|Any CPU.ActiveCfg = Debug|Any CPU
		{68A72169-826C-492B-8942-3F68276ABD00}.Debug|Any CPU.Build.0 = Debug|Any CPU
		{68A72169-826C-492B-8942-3F68276ABD00}.Debug|iPhone.ActiveCfg = Debug|Any CPU
		{68A72169-826C-492B-8942-3F68276ABD00}.Debug|iPhone.Build.0 = Debug|Any CPU
		{68A72169-826C-492B-8942-3F68276ABD00}.Debug|iPhoneSimulator.ActiveCfg = Debug|Any CPU
		{68A72169-826C-492B-8942-3F68276ABD00}.Debug|iPhoneSimulator.Build.0 = Debug|Any CPU
		{68A72169-826C-492B-8942-3F68276ABD00}.Release|Any CPU.ActiveCfg = Release|Any CPU
		{68A72169-826C-492B-8942-3F68276ABD00}.Release|Any CPU.Build.0 = Release|Any CPU
		{68A72169-826C-492B-8942-3F68276ABD00}.Release|iPhone.ActiveCfg = Release|Any CPU
		{68A72169-826C-492B-8942-3F68276ABD00}.Release|iPhone.Build.0 = Release|Any CPU
		{68A72169-826C-492B-8942-3F68276ABD00}.Release|iPhoneSimulator.ActiveCfg = Release|Any CPU
		{68A72169-826C-492B-8942-3F68276ABD00}.Release|iPhoneSimulator.Build.0 = Release|Any CPU
		{86FA897F-755A-41E2-9EFD-472368A88402}.Ad-Hoc|Any CPU.ActiveCfg = Ad-Hoc|iPhone
		{86FA897F-755A-41E2-9EFD-472368A88402}.Ad-Hoc|iPhone.ActiveCfg = Ad-Hoc|iPhone
		{86FA897F-755A-41E2-9EFD-472368A88402}.Ad-Hoc|iPhone.Build.0 = Ad-Hoc|iPhone
		{86FA897F-755A-41E2-9EFD-472368A88402}.Ad-Hoc|iPhoneSimulator.ActiveCfg = Ad-Hoc|iPhoneSimulator
		{86FA897F-755A-41E2-9EFD-472368A88402}.Ad-Hoc|iPhoneSimulator.Build.0 = Ad-Hoc|iPhoneSimulator
		{86FA897F-755A-41E2-9EFD-472368A88402}.AppStore|Any CPU.ActiveCfg = AppStore|iPhone
		{86FA897F-755A-41E2-9EFD-472368A88402}.AppStore|iPhone.ActiveCfg = AppStore|iPhone
		{86FA897F-755A-41E2-9EFD-472368A88402}.AppStore|iPhone.Build.0 = AppStore|iPhone
		{86FA897F-755A-41E2-9EFD-472368A88402}.AppStore|iPhoneSimulator.ActiveCfg = AppStore|iPhoneSimulator
		{86FA897F-755A-41E2-9EFD-472368A88402}.AppStore|iPhoneSimulator.Build.0 = AppStore|iPhoneSimulator
		{86FA897F-755A-41E2-9EFD-472368A88402}.Debug|Any CPU.ActiveCfg = Debug|iPhone
		{86FA897F-755A-41E2-9EFD-472368A88402}.Debug|iPhone.ActiveCfg = Debug|iPhone
		{86FA897F-755A-41E2-9EFD-472368A88402}.Debug|iPhone.Build.0 = Debug|iPhone
		{86FA897F-755A-41E2-9EFD-472368A88402}.Debug|iPhoneSimulator.ActiveCfg = Debug|iPhoneSimulator
		{86FA897F-755A-41E2-9EFD-472368A88402}.Debug|iPhoneSimulator.Build.0 = Debug|iPhoneSimulator
		{86FA897F-755A-41E2-9EFD-472368A88402}.Release|Any CPU.ActiveCfg = Release|iPhone
		{86FA897F-755A-41E2-9EFD-472368A88402}.Release|iPhone.ActiveCfg = Release|iPhone
		{86FA897F-755A-41E2-9EFD-472368A88402}.Release|iPhone.Build.0 = Release|iPhone
		{86FA897F-755A-41E2-9EFD-472368A88402}.Release|iPhoneSimulator.ActiveCfg = Release|iPhoneSimulator
		{86FA897F-755A-41E2-9EFD-472368A88402}.Release|iPhoneSimulator.Build.0 = Release|iPhoneSimulator
	EndGlobalSection
	GlobalSection(SolutionProperties) = preSolution
		HideSolutionNode = FALSE
	EndGlobalSection
EndGlobal
